
Microsoft Visual Studio Solution File, Format Version 12.00
# Visual Studio Version 17
VisualStudioVersion = 17.10.35122.118
MinimumVisualStudioVersion = 10.0.40219.1
Project("{FAE04EC0-301F-11D3-BF4B-00C04F79EFBC}") = "WebApplication30", "WebApplication30\WebApplication30.csproj", "{120FB8D0-B112-4F1E-BB00-68FDF79636A8}"
EndProject
Global
	GlobalSection(SolutionConfigurationPlatforms) = preSolution
		Debug|Any CPU = Debug|Any CPU
		Release|Any CPU = Release|Any CPU
	EndGlobalSection
	GlobalSection(ProjectConfigurationPlatforms) = postSolution
		{120FB8D0-B112-4F1E-BB00-68FDF79636A8}.Debug|Any CPU.ActiveCfg = Debug|Any CPU
		{120FB8D0-B112-4F1E-BB00-68FDF79636A8}.Debug|Any CPU.Build.0 = Debug|Any CPU
		{120FB8D0-B112-4F1E-BB00-68FDF79636A8}.Release|Any CPU.ActiveCfg = Release|Any CPU
		{120FB8D0-B112-4F1E-BB00-68FDF79636A8}.Release|Any CPU.Build.0 = Release|Any CPU
	EndGlobalSection
	GlobalSection(SolutionProperties) = preSolution
		HideSolutionNode = FALSE
	EndGlobalSection
	GlobalSection(ExtensibilityGlobals) = postSolution
		SolutionGuid = {0E7CC04E-50D8-44F9-9281-8D6FBCAC263F}
	EndGlobalSection
EndGlobal
